
Microsoft Visual Studio Solution File, Format Version 12.00
# Visual Studio Version 17
VisualStudioVersion = 17.14.36310.24 d17.14
MinimumVisualStudioVersion = 10.0.40219.1
Project("{FAE04EC0-301F-11D3-BF4B-00C04F79EFBC}") = "PurrfectBlog", "PurrfectBlog.csproj", "{E5827610-D1D3-43A1-B35C-C3B2264F8B37}"
EndProject
Global
	GlobalSection(SolutionConfigurationPlatforms) = preSolution
		Debug|Any CPU = Debug|Any CPU
		Release|Any CPU = Release|Any CPU
	EndGlobalSection
	GlobalSection(ProjectConfigurationPlatforms) = postSolution
		{E5827610-D1D3-43A1-B35C-C3B2264F8B37}.Debug|Any CPU.ActiveCfg = Debug|Any CPU
		{E5827610-D1D3-43A1-B35C-C3B2264F8B37}.Debug|Any CPU.Build.0 = Debug|Any CPU
		{E5827610-D1D3-43A1-B35C-C3B2264F8B37}.Release|Any CPU.ActiveCfg = Release|Any CPU
		{E5827610-D1D3-43A1-B35C-C3B2264F8B37}.Release|Any CPU.Build.0 = Release|Any CPU
	EndGlobalSection
	GlobalSection(SolutionProperties) = preSolution
		HideSolutionNode = FALSE
	EndGlobalSection
	GlobalSection(ExtensibilityGlobals) = postSolution
		SolutionGuid = {C228687A-17C8-4C77-B889-A5AFE44E1833}
	EndGlobalSection
EndGlobal
